Microsoft Visual Studio Solution File, Format Version 12.00
# Visual Studio Version 17
VisualStudioVersion = 17.5.2.0
MinimumVisualStudioVersion = 10.0.40219.1
Project("{FAE04EC0-301F-11D3-BF4B-00C04F79EFBC}") = "practice_2", "practice_2.csproj", "{37C1CB2D-A2D5-50CC-3572-92DBFE6ED13A}"
EndProject
Global
	GlobalSection(SolutionConfigurationPlatforms) = preSolution
		Debug|Any CPU = Debug|Any CPU
		Release|Any CPU = Release|Any CPU
	EndGlobalSection
	GlobalSection(ProjectConfigurationPlatforms) = postSolution
		{37C1CB2D-A2D5-50CC-3572-92DBFE6ED13A}.Debug|Any CPU.ActiveCfg = Debug|Any CPU
		{37C1CB2D-A2D5-50CC-3572-92DBFE6ED13A}.Debug|Any CPU.Build.0 = Debug|Any CPU
		{37C1CB2D-A2D5-50CC-3572-92DBFE6ED13A}.Release|Any CPU.ActiveCfg = Release|Any CPU
		{37C1CB2D-A2D5-50CC-3572-92DBFE6ED13A}.Release|Any CPU.Build.0 = Release|Any CPU
	EndGlobalSection
	GlobalSection(SolutionProperties) = preSolution
		HideSolutionNode = FALSE
	EndGlobalSection
	GlobalSection(ExtensibilityGlobals) = postSolution
		SolutionGuid = {65183997-FD68-420C-A6BF-F70C05043069}
	EndGlobalSection
EndGlobal
